
Microsoft Visual Studio Solution File, Format Version 12.00
# Visual Studio 15
Project("{FAE04EC0-301F-11D3-BF4B-00C04F79EFBC}") = "Assembly-CSharp", "Assembly-CSharp.csproj", "{21D094A4-4142-0BED-D1F6-BF0160294A33}"
EndProject
Project("{FAE04EC0-301F-11D3-BF4B-00C04F79EFBC}") = "Assembly-CSharp-Editor", "Assembly-CSharp-Editor.csproj", "{7BAC7266-D4F9-650F-9893-F86B4BBE6BBB}"
EndProject
Global
	GlobalSection(SolutionConfigurationPlatforms) = preSolution
		Debug|Any CPU = Debug|Any CPU
		Release|Any CPU = Release|Any CPU
	EndGlobalSection
	GlobalSection(ProjectConfigurationPlatforms) = postSolution
		{21D094A4-4142-0BED-D1F6-BF0160294A33}.Debug|Any CPU.ActiveCfg = Debug|Any CPU
		{21D094A4-4142-0BED-D1F6-BF0160294A33}.Debug|Any CPU.Build.0 = Debug|Any CPU
		{21D094A4-4142-0BED-D1F6-BF0160294A33}.Release|Any CPU.ActiveCfg = Release|Any CPU
		{21D094A4-4142-0BED-D1F6-BF0160294A33}.Release|Any CPU.Build.0 = Release|Any CPU
		{7BAC7266-D4F9-650F-9893-F86B4BBE6BBB}.Debug|Any CPU.ActiveCfg = Debug|Any CPU
		{7BAC7266-D4F9-650F-9893-F86B4BBE6BBB}.Debug|Any CPU.Build.0 = Debug|Any CPU
		{7BAC7266-D4F9-650F-9893-F86B4BBE6BBB}.Release|Any CPU.ActiveCfg = Release|Any CPU
		{7BAC7266-D4F9-650F-9893-F86B4BBE6BBB}.Release|Any CPU.Build.0 = Release|Any CPU
	EndGlobalSection
	GlobalSection(SolutionProperties) = preSolution
		HideSolutionNode = FALSE
	EndGlobalSection
EndGlobal
